// !$*UTF8*$!
{
	archiveVersion = 1;
	classes = {
	};
	objectVersion = 55;
	objects = {

/* Begin PBXBuildFile section */
		A711E41327BEE9CA009E1205 /* DMXEditorApp.swift in Sources */ = {isa = PBXBuildFile; fileRef = A711E41227BEE9CA009E1205 /* DMXEditorApp.swift */; };
		A711E41527BEE9CA009E1205 /* DMXEditorDocument.swift in Sources */ = {isa = PBXBuildFile; fileRef = A711E41427BEE9CA009E1205 /* DMXEditorDocument.swift */; };
		A711E41927BEE9CB009E1205 /* Assets.xcassets in Resources */ = {isa = PBXBuildFile; fileRef = A711E41827BEE9CB009E1205 /* Assets.xcassets */; };
		A711E41C27BEE9CB009E1205 /* Preview Assets.xcassets in Resources */ = {isa = PBXBuildFile; fileRef = A711E41B27BEE9CB009E1205 /* Preview Assets.xcassets */; };
		A74CC46D291E74D70069F387 /* Frame.swift in Sources */ = {isa = PBXBuildFile; fileRef = A74CC46C291E74D70069F387 /* Frame.swift */; };
		A74CC46F291E8C1F0069F387 /* DMXDataEditor.swift in Sources */ = {isa = PBXBuildFile; fileRef = A74CC46E291E8C1F0069F387 /* DMXDataEditor.swift */; };
		A74CC471291E8E290069F387 /* TimerView.swift in Sources */ = {isa = PBXBuildFile; fileRef = A74CC470291E8E290069F387 /* TimerView.swift */; };
		A770FBAD285CF06800BBA4AF /* AppleScriptRunner.swift in Sources */ = {isa = PBXBuildFile; fileRef = A770FBAC285CF06800BBA4AF /* AppleScriptRunner.swift */; };
		A7AAEE8727CD2AC400B7BBA7 /* OLAHandler.swift in Sources */ = {isa = PBXBuildFile; fileRef = A7AAEE8627CD2AC400B7BBA7 /* OLAHandler.swift */; };
		A7AAEE8927CD36EB00B7BBA7 /* GeneralSettingsView.swift in Sources */ = {isa = PBXBuildFile; fileRef = A7AAEE8827CD36EB00B7BBA7 /* GeneralSettingsView.swift */; };
		A7E7BC2627BEEACE000A83BB /* SettingsView.swift in Sources */ = {isa = PBXBuildFile; fileRef = A7E7BC1927BEEACE000A83BB /* SettingsView.swift */; };
		A7E7BC2727BEEACE000A83BB /* MultiSlider.swift in Sources */ = {isa = PBXBuildFile; fileRef = A7E7BC1A27BEEACE000A83BB /* MultiSlider.swift */; };
		A7E7BC2827BEEACE000A83BB /* DMXData.swift in Sources */ = {isa = PBXBuildFile; fileRef = A7E7BC1B27BEEACE000A83BB /* DMXData.swift */; };
		A7E7BC2927BEEACE000A83BB /* EditView.swift in Sources */ = {isa = PBXBuildFile; fileRef = A7E7BC1C27BEEACE000A83BB /* EditView.swift */; };
		A7E7BC2A27BEEACE000A83BB /* ProjectData.swift in Sources */ = {isa = PBXBuildFile; fileRef = A7E7BC1D27BEEACE000A83BB /* ProjectData.swift */; };
		A7E7BC2B27BEEACE000A83BB /* Slide.swift in Sources */ = {isa = PBXBuildFile; fileRef = A7E7BC1E27BEEACE000A83BB /* Slide.swift */; };
		A7E7BC2C27BEEACE000A83BB /* Settings.swift in Sources */ = {isa = PBXBuildFile; fileRef = A7E7BC1F27BEEACE000A83BB /* Settings.swift */; };
		A7E7BC2D27BEEACE000A83BB /* NumberField.swift in Sources */ = {isa = PBXBuildFile; fileRef = A7E7BC2027BEEACE000A83BB /* NumberField.swift */; };
		A7E7BC2E27BEEACE000A83BB /* SingleSlider.swift in Sources */ = {isa = PBXBuildFile; fileRef = A7E7BC2127BEEACE000A83BB /* SingleSlider.swift */; };
		A7E7BC2F27BEEACE000A83BB /* SlideView.swift in Sources */ = {isa = PBXBuildFile; fileRef = A7E7BC2227BEEACE000A83BB /* SlideView.swift */; };
		A7E7BC3027BEEACE000A83BB /* Device.swift in Sources */ = {isa = PBXBuildFile; fileRef = A7E7BC2327BEEACE000A83BB /* Device.swift */; };
		A7E7BC3227BEEACE000A83BB /* RGBPicker.swift in Sources */ = {isa = PBXBuildFile; fileRef = A7E7BC2527BEEACE000A83BB /* RGBPicker.swift */; };
		A7E7BC3627C13406000A83BB /* MultiSliderEditable.swift in Sources */ = {isa = PBXBuildFile; fileRef = A7E7BC3527C13406000A83BB /* MultiSliderEditable.swift */; };
		A7E7BC3827C171E6000A83BB /* SingleSliderEditable.swift in Sources */ = {isa = PBXBuildFile; fileRef = A7E7BC3727C171E6000A83BB /* SingleSliderEditable.swift */; };
		A7E7BC3A27C2C48C000A83BB /* SlideEditView.swift in Sources */ = {isa = PBXBuildFile; fileRef = A7E7BC3927C2C48C000A83BB /* SlideEditView.swift */; };
		A7E7BC3D27C5158E000A83BB /* KeynoteHandler.swift in Sources */ = {isa = PBXBuildFile; fileRef = A7E7BC3C27C5158E000A83BB /* KeynoteHandler.swift */; };
/* End PBXBuildFile section */

/* Begin PBXFileReference section */
		A711E40F27BEE9CA009E1205 /* DMXEditor.app */ = {isa = PBXFileReference; explicitFileType = wrapper.application; includeInIndex = 0; path = DMXEditor.app; sourceTree = BUILT_PRODUCTS_DIR; };
		A711E41227BEE9CA009E1205 /* DMXEditorApp.swift */ = {isa = PBXFileReference; lastKnownFileType = sourcecode.swift; path = DMXEditorApp.swift; sourceTree = "<group>"; };
		A711E41427BEE9CA009E1205 /* DMXEditorDocument.swift */ = {isa = PBXFileReference; lastKnownFileType = sourcecode.swift; path = DMXEditorDocument.swift; sourceTree = "<group>"; };
		A711E41827BEE9CB009E1205 /* Assets.xcassets */ = {isa = PBXFileReference; lastKnownFileType = folder.assetcatalog; path = Assets.xcassets; sourceTree = "<group>"; };
		A711E41B27BEE9CB009E1205 /* Preview Assets.xcassets */ = {isa = PBXFileReference; lastKnownFileType = folder.assetcatalog; path = "Preview Assets.xcassets"; sourceTree = "<group>"; };
		A711E41D27BEE9CB009E1205 /* Info.plist */ = {isa = PBXFileReference; lastKnownFileType = text.plist.xml; path = Info.plist; sourceTree = "<group>"; };
		A711E41E27BEE9CB009E1205 /* DMXEditor.entitlements */ = {isa = PBXFileReference; lastKnownFileType = text.plist.entitlements; path = DMXEditor.entitlements; sourceTree = "<group>"; };
		A74CC46C291E74D70069F387 /* Frame.swift */ = {isa = PBXFileReference; lastKnownFileType = sourcecode.swift; path = Frame.swift; sourceTree = "<group>"; };
		A74CC46E291E8C1F0069F387 /* DMXDataEditor.swift */ = {isa = PBXFileReference; lastKnownFileType = sourcecode.swift; path = DMXDataEditor.swift; sourceTree = "<group>"; };
		A74CC470291E8E290069F387 /* TimerView.swift */ = {isa = PBXFileReference; lastKnownFileType = sourcecode.swift; path = TimerView.swift; sourceTree = "<group>"; };
		A770FBAC285CF06800BBA4AF /* AppleScriptRunner.swift */ = {isa = PBXFileReference; fileEncoding = 4; lastKnownFileType = sourcecode.swift; path = AppleScriptRunner.swift; sourceTree = "<group>"; };
		A7AAEE8627CD2AC400B7BBA7 /* OLAHandler.swift */ = {isa = PBXFileReference; lastKnownFileType = sourcecode.swift; path = OLAHandler.swift; sourceTree = "<group>"; };
		A7AAEE8827CD36EB00B7BBA7 /* GeneralSettingsView.swift */ = {isa = PBXFileReference; lastKnownFileType = sourcecode.swift; path = GeneralSettingsView.swift; sourceTree = "<group>"; };
		A7E7BC1927BEEACE000A83BB /* SettingsView.swift */ = {isa = PBXFileReference; fileEncoding = 4; lastKnownFileType = sourcecode.swift; path = SettingsView.swift; sourceTree = "<group>"; };
		A7E7BC1A27BEEACE000A83BB /* MultiSlider.swift */ = {isa = PBXFileReference; fileEncoding = 4; lastKnownFileType = sourcecode.swift; path = MultiSlider.swift; sourceTree = "<group>"; };
		A7E7BC1B27BEEACE000A83BB /* DMXData.swift */ = {isa = PBXFileReference; fileEncoding = 4; lastKnownFileType = sourcecode.swift; path = DMXData.swift; sourceTree = "<group>"; };
		A7E7BC1C27BEEACE000A83BB /* EditView.swift */ = {isa = PBXFileReference; fileEncoding = 4; lastKnownFileType = sourcecode.swift; path = EditView.swift; sourceTree = "<group>"; };
		A7E7BC1D27BEEACE000A83BB /* ProjectData.swift */ = {isa = PBXFileReference; fileEncoding = 4; lastKnownFileType = sourcecode.swift; path = ProjectData.swift; sourceTree = "<group>"; };
		A7E7BC1E27BEEACE000A83BB /* Slide.swift */ = {isa = PBXFileReference; fileEncoding = 4; lastKnownFileType = sourcecode.swift; path = Slide.swift; sourceTree = "<group>"; };
		A7E7BC1F27BEEACE000A83BB /* Settings.swift */ = {isa = PBXFileReference; fileEncoding = 4; lastKnownFileType = sourcecode.swift; path = Settings.swift; sourceTree = "<group>"; };
		A7E7BC2027BEEACE000A83BB /* NumberField.swift */ = {isa = PBXFileReference; fileEncoding = 4; lastKnownFileType = sourcecode.swift; path = NumberField.swift; sourceTree = "<group>"; };
		A7E7BC2127BEEACE000A83BB /* SingleSlider.swift */ = {isa = PBXFileReference; fileEncoding = 4; lastKnownFileType = sourcecode.swift; path = SingleSlider.swift; sourceTree = "<group>"; };
		A7E7BC2227BEEACE000A83BB /* SlideView.swift */ = {isa = PBXFileReference; fileEncoding = 4; lastKnownFileType = sourcecode.swift; path = SlideView.swift; sourceTree = "<group>"; };
		A7E7BC2327BEEACE000A83BB /* Device.swift */ = {isa = PBXFileReference; fileEncoding = 4; lastKnownFileType = sourcecode.swift; path = Device.swift; sourceTree = "<group>"; };
		A7E7BC2527BEEACE000A83BB /* RGBPicker.swift */ = {isa = PBXFileReference; fileEncoding = 4; lastKnownFileType = sourcecode.swift; path = RGBPicker.swift; sourceTree = "<group>"; };
		A7E7BC3527C13406000A83BB /* MultiSliderEditable.swift */ = {isa = PBXFileReference; lastKnownFileType = sourcecode.swift; path = MultiSliderEditable.swift; sourceTree = "<group>"; };
		A7E7BC3727C171E6000A83BB /* SingleSliderEditable.swift */ = {isa = PBXFileReference; lastKnownFileType = sourcecode.swift; path = SingleSliderEditable.swift; sourceTree = "<group>"; };
		A7E7BC3927C2C48C000A83BB /* SlideEditView.swift */ = {isa = PBXFileReference; lastKnownFileType = sourcecode.swift; path = SlideEditView.swift; sourceTree = "<group>"; };
		A7E7BC3C27C5158E000A83BB /* KeynoteHandler.swift */ = {isa = PBXFileReference; lastKnownFileType = sourcecode.swift; path = KeynoteHandler.swift; sourceTree = "<group>"; };
/* End PBXFileReference section */

/* Begin PBXFrameworksBuildPhase section */
		A711E40C27BEE9CA009E1205 /* Frameworks */ = {
			isa = PBXFrameworksBuildPhase;
			buildActionMask = 2147483647;
			files = (
			);
			runOnlyForDeploymentPostprocessing = 0;
		};
/* End PBXFrameworksBuildPhase section */

/* Begin PBXGroup section */
		A711E40627BEE9CA009E1205 = {
			isa = PBXGroup;
			children = (
				A711E41127BEE9CA009E1205 /* DMXEditor */,
				A711E41027BEE9CA009E1205 /* Products */,
			);
			sourceTree = "<group>";
		};
		A711E41027BEE9CA009E1205 /* Products */ = {
			isa = PBXGroup;
			children = (
				A711E40F27BEE9CA009E1205 /* DMXEditor.app */,
			);
			name = Products;
			sourceTree = "<group>";
		};
		A711E41127BEE9CA009E1205 /* DMXEditor */ = {
			isa = PBXGroup;
			children = (
				A7E7BC3B27C5156C000A83BB /* Logic */,
				A711E42427BEEA01009E1205 /* Models */,
				A7E7BC3327BEEAEA000A83BB /* Components */,
				A7E7BC3427BEEAF0000A83BB /* Views */,
				A711E41227BEE9CA009E1205 /* DMXEditorApp.swift */,
				A711E41827BEE9CB009E1205 /* Assets.xcassets */,
				A711E41D27BEE9CB009E1205 /* Info.plist */,
				A711E41E27BEE9CB009E1205 /* DMXEditor.entitlements */,
				A711E41A27BEE9CB009E1205 /* Preview Content */,
			);
			path = DMXEditor;
			sourceTree = "<group>";
		};
		A711E41A27BEE9CB009E1205 /* Preview Content */ = {
			isa = PBXGroup;
			children = (
				A711E41B27BEE9CB009E1205 /* Preview Assets.xcassets */,
			);
			path = "Preview Content";
			sourceTree = "<group>";
		};
		A711E42427BEEA01009E1205 /* Models */ = {
			isa = PBXGroup;
			children = (
				A711E41427BEE9CA009E1205 /* DMXEditorDocument.swift */,
				A7E7BC1D27BEEACE000A83BB /* ProjectData.swift */,
				A7E7BC2327BEEACE000A83BB /* Device.swift */,
				A7E7BC1B27BEEACE000A83BB /* DMXData.swift */,
				A7E7BC1F27BEEACE000A83BB /* Settings.swift */,
				A7E7BC1E27BEEACE000A83BB /* Slide.swift */,
				A74CC46C291E74D70069F387 /* Frame.swift */,
			);
			name = Models;
			sourceTree = "<group>";
		};
		A7E7BC3327BEEAEA000A83BB /* Components */ = {
			isa = PBXGroup;
			children = (
				A7E7BC1A27BEEACE000A83BB /* MultiSlider.swift */,
				A7E7BC2027BEEACE000A83BB /* NumberField.swift */,
				A7E7BC2527BEEACE000A83BB /* RGBPicker.swift */,
				A7E7BC2127BEEACE000A83BB /* SingleSlider.swift */,
				A7E7BC3527C13406000A83BB /* MultiSliderEditable.swift */,
				A7E7BC3727C171E6000A83BB /* SingleSliderEditable.swift */,
			);
			name = Components;
			sourceTree = "<group>";
		};
		A7E7BC3427BEEAF0000A83BB /* Views */ = {
			isa = PBXGroup;
			children = (
				A7E7BC1C27BEEACE000A83BB /* EditView.swift */,
				A7E7BC1927BEEACE000A83BB /* SettingsView.swift */,
				A7E7BC2227BEEACE000A83BB /* SlideView.swift */,
				A7E7BC3927C2C48C000A83BB /* SlideEditView.swift */,
				A7AAEE8827CD36EB00B7BBA7 /* GeneralSettingsView.swift */,
				A74CC46E291E8C1F0069F387 /* DMXDataEditor.swift */,
				A74CC470291E8E290069F387 /* TimerView.swift */,
			);
			path = Views;
			sourceTree = "<group>";
		};
		A7E7BC3B27C5156C000A83BB /* Logic */ = {
			isa = PBXGroup;
			children = (
				A770FBAC285CF06800BBA4AF /* AppleScriptRunner.swift */,
				A7E7BC3C27C5158E000A83BB /* KeynoteHandler.swift */,
				A7AAEE8627CD2AC400B7BBA7 /* OLAHandler.swift */,
			);
			name = Logic;
			sourceTree = "<group>";
		};
/* End PBXGroup section */

/* Begin PBXNativeTarget section */
		A711E40E27BEE9CA009E1205 /* DMXEditor */ = {
			isa = PBXNativeTarget;
			buildConfigurationList = A711E42127BEE9CB009E1205 /* Build configuration list for PBXNativeTarget "DMXEditor" */;
			buildPhases = (
				A711E40B27BEE9CA009E1205 /* Sources */,
				A711E40C27BEE9CA009E1205 /* Frameworks */,
				A711E40D27BEE9CA009E1205 /* Resources */,
			);
			buildRules = (
			);
			dependencies = (
			);
			name = DMXEditor;
			packageProductDependencies = (
			);
			productName = DMXEditor;
			productReference = A711E40F27BEE9CA009E1205 /* DMXEditor.app */;
			productType = "com.apple.product-type.application";
		};
/* End PBXNativeTarget section */

/* Begin PBXProject section */
		A711E40727BEE9CA009E1205 /* Project object */ = {
			isa = PBXProject;
			attributes = {
				BuildIndependentTargetsInParallel = 1;
				LastSwiftUpdateCheck = 1320;
				LastUpgradeCheck = 1400;
				TargetAttributes = {
					A711E40E27BEE9CA009E1205 = {
						CreatedOnToolsVersion = 13.2.1;
					};
				};
			};
			buildConfigurationList = A711E40A27BEE9CA009E1205 /* Build configuration list for PBXProject "DMXEditor" */;
			compatibilityVersion = "Xcode 13.0";
			developmentRegion = en;
			hasScannedForEncodings = 0;
			knownRegions = (
				en,
				Base,
			);
			mainGroup = A711E40627BEE9CA009E1205;
			packageReferences = (
			);
			productRefGroup = A711E41027BEE9CA009E1205 /* Products */;
			projectDirPath = "";
			projectRoot = "";
			targets = (
				A711E40E27BEE9CA009E1205 /* DMXEditor */,
			);
		};
/* End PBXProject section */

/* Begin PBXResourcesBuildPhase section */
		A711E40D27BEE9CA009E1205 /* Resources */ = {
			isa = PBXResourcesBuildPhase;
			buildActionMask = 2147483647;
			files = (
				A711E41C27BEE9CB009E1205 /* Preview Assets.xcassets in Resources */,
				A711E41927BEE9CB009E1205 /* Assets.xcassets in Resources */,
			);
			runOnlyForDeploymentPostprocessing = 0;
		};
/* End PBXResourcesBuildPhase section */

/* Begin PBXSourcesBuildPhase section */
		A711E40B27BEE9CA009E1205 /* Sources */ = {
			isa = PBXSourcesBuildPhase;
			buildActionMask = 2147483647;
			files = (
				A7E7BC3D27C5158E000A83BB /* KeynoteHandler.swift in Sources */,
				A7AAEE8727CD2AC400B7BBA7 /* OLAHandler.swift in Sources */,
				A711E41327BEE9CA009E1205 /* DMXEditorApp.swift in Sources */,
				A7E7BC2827BEEACE000A83BB /* DMXData.swift in Sources */,
				A7E7BC2627BEEACE000A83BB /* SettingsView.swift in Sources */,
				A7E7BC3227BEEACE000A83BB /* RGBPicker.swift in Sources */,
				A74CC471291E8E290069F387 /* TimerView.swift in Sources */,
				A74CC46F291E8C1F0069F387 /* DMXDataEditor.swift in Sources */,
				A7E7BC3A27C2C48C000A83BB /* SlideEditView.swift in Sources */,
				A7E7BC3827C171E6000A83BB /* SingleSliderEditable.swift in Sources */,
				A7E7BC2727BEEACE000A83BB /* MultiSlider.swift in Sources */,
				A7E7BC2C27BEEACE000A83BB /* Settings.swift in Sources */,
				A7E7BC3027BEEACE000A83BB /* Device.swift in Sources */,
				A74CC46D291E74D70069F387 /* Frame.swift in Sources */,
				A7E7BC2927BEEACE000A83BB /* EditView.swift in Sources */,
				A7E7BC2E27BEEACE000A83BB /* SingleSlider.swift in Sources */,
				A711E41527BEE9CA009E1205 /* DMXEditorDocument.swift in Sources */,
				A7E7BC2D27BEEACE000A83BB /* NumberField.swift in Sources */,
				A7E7BC3627C13406000A83BB /* MultiSliderEditable.swift in Sources */,
				A7AAEE8927CD36EB00B7BBA7 /* GeneralSettingsView.swift in Sources */,
				A770FBAD285CF06800BBA4AF /* AppleScriptRunner.swift in Sources */,
				A7E7BC2B27BEEACE000A83BB /* Slide.swift in Sources */,
				A7E7BC2F27BEEACE000A83BB /* SlideView.swift in Sources */,
				A7E7BC2A27BEEACE000A83BB /* ProjectData.swift in Sources */,
			);
			runOnlyForDeploymentPostprocessing = 0;
		};
/* End PBXSourcesBuildPhase section */

/* Begin XCBuildConfiguration section */
		A711E41F27BEE9CB009E1205 /* Debug */ = {
			isa = XCBuildConfiguration;
			buildSettings = {
				ALWAYS_SEARCH_USER_PATHS = NO;
				CLANG_ANALYZER_NONNULL = YES;
				CLANG_ANALYZER_NUMBER_OBJECT_CONVERSION = YES_AGGRESSIVE;
				CLANG_CXX_LANGUAGE_STANDARD = "gnu++17";
				CLANG_CXX_LIBRARY = "libc++";
				CLANG_ENABLE_MODULES = YES;
				CLANG_ENABLE_OBJC_ARC = YES;
				CLANG_ENABLE_OBJC_WEAK = YES;
				CLANG_WARN_BLOCK_CAPTURE_AUTORELEASING = YES;
				CLANG_WARN_BOOL_CONVERSION = YES;
				CLANG_WARN_COMMA = YES;
				CLANG_WARN_CONSTANT_CONVERSION = YES;
				CLANG_WARN_DEPRECATED_OBJC_IMPLEMENTATIONS = YES;
				CLANG_WARN_DIRECT_OBJC_ISA_USAGE = YES_ERROR;
				CLANG_WARN_DOCUMENTATION_COMMENTS = YES;
				CLANG_WARN_EMPTY_BODY = YES;
				CLANG_WARN_ENUM_CONVERSION = YES;
				CLANG_WARN_INFINITE_RECURSION = YES;
				CLANG_WARN_INT_CONVERSION = YES;
				CLANG_WARN_NON_LITERAL_NULL_CONVERSION = YES;
				CLANG_WARN_OBJC_IMPLICIT_RETAIN_SELF = YES;
				CLANG_WARN_OBJC_LITERAL_CONVERSION = YES;
				CLANG_WARN_OBJC_ROOT_CLASS = YES_ERROR;
				CLANG_WARN_QUOTED_INCLUDE_IN_FRAMEWORK_HEADER = YES;
				CLANG_WARN_RANGE_LOOP_ANALYSIS = YES;
				CLANG_WARN_STRICT_PROTOTYPES = YES;
				CLANG_WARN_SUSPICIOUS_MOVE = YES;
				CLANG_WARN_UNGUARDED_AVAILABILITY = YES_AGGRESSIVE;
				CLANG_WARN_UNREACHABLE_CODE = YES;
				CLANG_WARN__DUPLICATE_METHOD_MATCH = YES;
				COPY_PHASE_STRIP = NO;
				DEAD_CODE_STRIPPING = YES;
				DEBUG_INFORMATION_FORMAT = dwarf;
				ENABLE_STRICT_OBJC_MSGSEND = YES;
				ENABLE_TESTABILITY = YES;
				GCC_C_LANGUAGE_STANDARD = gnu11;
				GCC_DYNAMIC_NO_PIC = NO;
				GCC_NO_COMMON_BLOCKS = YES;
				GCC_OPTIMIZATION_LEVEL = 0;
				GCC_PREPROCESSOR_DEFINITIONS = (
					"DEBUG=1",
					"$(inherited)",
				);
				GCC_WARN_64_TO_32_BIT_CONVERSION = YES;
				GCC_WARN_ABOUT_RETURN_TYPE = YES_ERROR;
				GCC_WARN_UNDECLARED_SELECTOR = YES;
				GCC_WARN_UNINITIALIZED_AUTOS = YES_AGGRESSIVE;
				GCC_WARN_UNUSED_FUNCTION = YES;
				GCC_WARN_UNUSED_VARIABLE = YES;
				MACOSX_DEPLOYMENT_TARGET = 12.1;
				MTL_ENABLE_DEBUG_INFO = INCLUDE_SOURCE;
				MTL_FAST_MATH = YES;
				ONLY_ACTIVE_ARCH = YES;
				SDKROOT = macosx;
				SWIFT_ACTIVE_COMPILATION_CONDITIONS = DEBUG;
				SWIFT_OPTIMIZATION_LEVEL = "-Onone";
			};
			name = Debug;
		};
		A711E42027BEE9CB009E1205 /* Release */ = {
			isa = XCBuildConfiguration;
			buildSettings = {
				ALWAYS_SEARCH_USER_PATHS = NO;
				CLANG_ANALYZER_NONNULL = YES;
				CLANG_ANALYZER_NUMBER_OBJECT_CONVERSION = YES_AGGRESSIVE;
				CLANG_CXX_LANGUAGE_STANDARD = "gnu++17";
				CLANG_CXX_LIBRARY = "libc++";
				CLANG_ENABLE_MODULES = YES;
				CLANG_ENABLE_OBJC_ARC = YES;
				CLANG_ENABLE_OBJC_WEAK = YES;
				CLANG_WARN_BLOCK_CAPTURE_AUTORELEASING = YES;
				CLANG_WARN_BOOL_CONVERSION = YES;
				CLANG_WARN_COMMA = YES;
				CLANG_WARN_CONSTANT_CONVERSION = YES;
				CLANG_WARN_DEPRECATED_OBJC_IMPLEMENTATIONS = YES;
				CLANG_WARN_DIRECT_OBJC_ISA_USAGE = YES_ERROR;
				CLANG_WARN_DOCUMENTATION_COMMENTS = YES;
				CLANG_WARN_EMPTY_BODY = YES;
				CLANG_WARN_ENUM_CONVERSION = YES;
				CLANG_WARN_INFINITE_RECURSION = YES;
				CLANG_WARN_INT_CONVERSION = YES;
				CLANG_WARN_NON_LITERAL_NULL_CONVERSION = YES;
				CLANG_WARN_OBJC_IMPLICIT_RETAIN_SELF = YES;
				CLANG_WARN_OBJC_LITERAL_CONVERSION = YES;
				CLANG_WARN_OBJC_ROOT_CLASS = YES_ERROR;
				CLANG_WARN_QUOTED_INCLUDE_IN_FRAMEWORK_HEADER = YES;
				CLANG_WARN_RANGE_LOOP_ANALYSIS = YES;
				CLANG_WARN_STRICT_PROTOTYPES = YES;
				CLANG_WARN_SUSPICIOUS_MOVE = YES;
				CLANG_WARN_UNGUARDED_AVAILABILITY = YES_AGGRESSIVE;
				CLANG_WARN_UNREACHABLE_CODE = YES;
				CLANG_WARN__DUPLICATE_METHOD_MATCH = YES;
				COPY_PHASE_STRIP = NO;
				DEAD_CODE_STRIPPING = YES;
				DEBUG_INFORMATION_FORMAT = "dwarf-with-dsym";
				ENABLE_NS_ASSERTIONS = NO;
				ENABLE_STRICT_OBJC_MSGSEND = YES;
				GCC_C_LANGUAGE_STANDARD = gnu11;
				GCC_NO_COMMON_BLOCKS = YES;
				GCC_WARN_64_TO_32_BIT_CONVERSION = YES;
				GCC_WARN_ABOUT_RETURN_TYPE = YES_ERROR;
				GCC_WARN_UNDECLARED_SELECTOR = YES;
				GCC_WARN_UNINITIALIZED_AUTOS = YES_AGGRESSIVE;
				GCC_WARN_UNUSED_FUNCTION = YES;
				GCC_WARN_UNUSED_VARIABLE = YES;
				MACOSX_DEPLOYMENT_TARGET = 12.1;
				MTL_ENABLE_DEBUG_INFO = NO;
				MTL_FAST_MATH = YES;
				SDKROOT = macosx;
				SWIFT_COMPILATION_MODE = wholemodule;
				SWIFT_OPTIMIZATION_LEVEL = "-O";
			};
			name = Release;
		};
		A711E42227BEE9CB009E1205 /* Debug */ = {
			isa = XCBuildConfiguration;
			buildSettings = {
				ASSETCATALOG_COMPILER_APPICON_NAME = AppIcon;
				ASSETCATALOG_COMPILER_GLOBAL_ACCENT_COLOR_NAME = AccentColor;
				ASSETCATALOG_COMPILER_INCLUDE_ALL_APPICON_ASSETS = YES;
				CODE_SIGN_ENTITLEMENTS = DMXEditor/DMXEditor.entitlements;
				CODE_SIGN_IDENTITY = "Apple Development";
				CODE_SIGN_STYLE = Automatic;
				COMBINE_HIDPI_IMAGES = YES;
				CURRENT_PROJECT_VERSION = 1;
				DEAD_CODE_STRIPPING = YES;
				DEVELOPMENT_ASSET_PATHS = "\"DMXEditor/Preview Content\"";
				DEVELOPMENT_TEAM = Z6AYT6K855;
				ENABLE_HARDENED_RUNTIME = YES;
				ENABLE_PREVIEWS = YES;
				GENERATE_INFOPLIST_FILE = YES;
				INFOPLIST_FILE = DMXEditor/Info.plist;
				INFOPLIST_KEY_CFBundleDisplayName = "DMX Editor";
				INFOPLIST_KEY_LSApplicationCategoryType = "public.app-category.productivity";
				INFOPLIST_KEY_NSAppleEventsUsageDescription = "This app uses AppleScript to get the information about the slides from Keynote.";
				INFOPLIST_KEY_NSHumanReadableCopyright = "©2022 Maximilian Inckmann";
				LD_RUNPATH_SEARCH_PATHS = (
					"$(inherited)",
					"@executable_path/../Frameworks",
				);
				MACOSX_DEPLOYMENT_TARGET = 13.0;
				MARKETING_VERSION = 1.1.0;
				PRODUCT_BUNDLE_IDENTIFIER = de.inckmann.DMXEditor;
				PRODUCT_NAME = "$(TARGET_NAME)";
				SWIFT_EMIT_LOC_STRINGS = YES;
				SWIFT_VERSION = 5.0;
			};
			name = Debug;
		};
		A711E42327BEE9CB009E1205 /* Release */ = {
			isa = XCBuildConfiguration;
			buildSettings = {
				ASSETCATALOG_COMPILER_APPICON_NAME = AppIcon;
				ASSETCATALOG_COMPILER_GLOBAL_ACCENT_COLOR_NAME = AccentColor;
				ASSETCATALOG_COMPILER_INCLUDE_ALL_APPICON_ASSETS = YES;
				CODE_SIGN_ENTITLEMENTS = DMXEditor/DMXEditorRelease.entitlements;
				CODE_SIGN_IDENTITY = "-";
				CODE_SIGN_STYLE = Automatic;
				COMBINE_HIDPI_IMAGES = YES;
				CURRENT_PROJECT_VERSION = 1;
				DEAD_CODE_STRIPPING = YES;
				DEVELOPMENT_ASSET_PATHS = "\"DMXEditor/Preview Content\"";
				DEVELOPMENT_TEAM = Z6AYT6K855;
				ENABLE_HARDENED_RUNTIME = YES;
				ENABLE_PREVIEWS = YES;
				GENERATE_INFOPLIST_FILE = YES;
				INFOPLIST_FILE = DMXEditor/Info.plist;
				INFOPLIST_KEY_CFBundleDisplayName = "DMX Editor";
				INFOPLIST_KEY_LSApplicationCategoryType = "public.app-category.productivity";
				INFOPLIST_KEY_NSAppleEventsUsageDescription = "This app uses AppleScript to get the information about the slides from Keynote.";
				INFOPLIST_KEY_NSHumanReadableCopyright = "©2022 Maximilian Inckmann";
				LD_RUNPATH_SEARCH_PATHS = (
					"$(inherited)",
					"@executable_path/../Frameworks",
				);
				MACOSX_DEPLOYMENT_TARGET = 13.0;
				MARKETING_VERSION = 1.1.0;
				PRODUCT_BUNDLE_IDENTIFIER = de.inckmann.DMXEditor;
				PRODUCT_NAME = "$(TARGET_NAME)";
				SWIFT_EMIT_LOC_STRINGS = YES;
				SWIFT_VERSION = 5.0;
			};
			name = Release;
		};
/* End XCBuildConfiguration section */

/* Begin XCConfigurationList section */
		A711E40A27BEE9CA009E1205 /* Build configuration list for PBXProject "DMXEditor" */ = {
			isa = XCConfigurationList;
			buildConfigurations = (
				A711E41F27BEE9CB009E1205 /* Debug */,
				A711E42027BEE9CB009E1205 /* Release */,
			);
			defaultConfigurationIsVisible = 0;
			defaultConfigurationName = Release;
		};
		A711E42127BEE9CB009E1205 /* Build configuration list for PBXNativeTarget "DMXEditor" */ = {
			isa = XCConfigurationList;
			buildConfigurations = (
				A711E42227BEE9CB009E1205 /* Debug */,
				A711E42327BEE9CB009E1205 /* Release */,
			);
			defaultConfigurationIsVisible = 0;
			defaultConfigurationName = Release;
		};
/* End XCConfigurationList section */
	};
	rootObject = A711E40727BEE9CA009E1205 /* Project object */;
}
